{
  "version": 4,
  "terraform_version": "0.12.24",
  "serial": 3,
  "lineage": "66052cd8-b407-6f4f-5f69-dbf991981251",
  "outputs": {},
  "resources": [
    {
      "mode": "managed",
      "type": "digitalocean_droplet",
      "name": "nginx-1",
      "provider": "provider.digitalocean",
      "instances": [
        {
          "schema_version": 1,
          "attributes": {
            "backups": false,
            "created_at": "2020-05-06T09:42:23Z",
            "disk": 25,
            "id": "191196086",
            "image": "ubuntu-18-04-x64",
            "ipv4_address": "128.199.72.183",
            "ipv4_address_private": "10.130.136.48",
            "ipv6": false,
            "ipv6_address": "",
            "ipv6_address_private": null,
            "locked": false,
            "memory": 1024,
            "monitoring": false,
            "name": "nginx-1",
            "price_hourly": 0.00744,
            "price_monthly": 5,
            "private_networking": true,
            "region": "sgp1",
            "resize_disk": true,
            "size": "s-1vcpu-1gb",
            "ssh_keys": null,
            "status": "active",
            "tags": null,
            "urn": "do:droplet:191196086",
            "user_data": null,
            "vcpus": 1,
            "volume_ids": [],
            "vpc_uuid": "69141217-42dc-4492-ab3e-441650953086"
          },
          "private": "eyJzY2hlbWFfdmVyc2lvbiI6IjEifQ=="
        }
      ]
    },
    {
      "mode": "managed",
      "type": "digitalocean_droplet",
      "name": "nginx-2",
      "provider": "provider.digitalocean",
      "instances": [
        {
          "schema_version": 1,
          "attributes": {
            "backups": false,
            "created_at": "2020-05-06T09:42:22Z",
            "disk": 25,
            "id": "191196085",
            "image": "ubuntu-18-04-x64",
            "ipv4_address": "128.199.72.161",
            "ipv4_address_private": "10.130.110.155",
            "ipv6": false,
            "ipv6_address": "",
            "ipv6_address_private": null,
            "locked": false,
            "memory": 1024,
            "monitoring": false,
            "name": "nginx-2",
            "price_hourly": 0.00744,
            "price_monthly": 5,
            "private_networking": true,
            "region": "sgp1",
            "resize_disk": true,
            "size": "s-1vcpu-1gb",
            "ssh_keys": null,
            "status": "active",
            "tags": null,
            "urn": "do:droplet:191196085",
            "user_data": null,
            "vcpus": 1,
            "volume_ids": [],
            "vpc_uuid": "69141217-42dc-4492-ab3e-441650953086"
          },
          "private": "eyJzY2hlbWFfdmVyc2lvbiI6IjEifQ=="
        }
      ]
    }
  ]
}
